// !$*UTF8*$!
{
	archiveVersion = 1;
	classes = {
	};
	objectVersion = 50;
	objects = {

/* Begin PBXBuildFile section */
		2AEE198926430DBA0068D969 /* Redux_BtcApp.swift in Sources */ = {isa = PBXBuildFile; fileRef = 2AEE198826430DBA0068D969 /* Redux_BtcApp.swift */; };
		2AEE198B26430DBA0068D969 /* ContentView.swift in Sources */ = {isa = PBXBuildFile; fileRef = 2AEE198A26430DBA0068D969 /* ContentView.swift */; };
		2AEE198D26430DBB0068D969 /* Assets.xcassets in Resources */ = {isa = PBXBuildFile; fileRef = 2AEE198C26430DBB0068D969 /* Assets.xcassets */; };
		2AEE199026430DBB0068D969 /* Preview Assets.xcassets in Resources */ = {isa = PBXBuildFile; fileRef = 2AEE198F26430DBB0068D969 /* Preview Assets.xcassets */; };
		2AEE199B26430DBB0068D969 /* Redux_BtcTests.swift in Sources */ = {isa = PBXBuildFile; fileRef = 2AEE199A26430DBB0068D969 /* Redux_BtcTests.swift */; };
		2AEE19A626430DBB0068D969 /* Redux_BtcUITests.swift in Sources */ = {isa = PBXBuildFile; fileRef = 2AEE19A526430DBB0068D969 /* Redux_BtcUITests.swift */; };
/* End PBXBuildFile section */

/* Begin PBXContainerItemProxy section */
		2AEE199726430DBB0068D969 /* PBXContainerItemProxy */ = {
			isa = PBXContainerItemProxy;
			containerPortal = 2AEE197D26430DBA0068D969 /* Project object */;
			proxyType = 1;
			remoteGlobalIDString = 2AEE198426430DBA0068D969;
			remoteInfo = "Redux-Btc";
		};
		2AEE19A226430DBB0068D969 /* PBXContainerItemProxy */ = {
			isa = PBXContainerItemProxy;
			containerPortal = 2AEE197D26430DBA0068D969 /* Project object */;
			proxyType = 1;
			remoteGlobalIDString = 2AEE198426430DBA0068D969;
			remoteInfo = "Redux-Btc";
		};
/* End PBXContainerItemProxy section */

/* Begin PBXFileReference section */
		2AEE198526430DBA0068D969 /* Redux-Btc.app */ = {isa = PBXFileReference; explicitFileType = wrapper.application; includeInIndex = 0; path = "Redux-Btc.app"; sourceTree = BUILT_PRODUCTS_DIR; };
		2AEE198826430DBA0068D969 /* Redux_BtcApp.swift */ = {isa = PBXFileReference; lastKnownFileType = sourcecode.swift; path = Redux_BtcApp.swift; sourceTree = "<group>"; };
		2AEE198A26430DBA0068D969 /* ContentView.swift */ = {isa = PBXFileReference; lastKnownFileType = sourcecode.swift; path = ContentView.swift; sourceTree = "<group>"; };
		2AEE198C26430DBB0068D969 /* Assets.xcassets */ = {isa = PBXFileReference; lastKnownFileType = folder.assetcatalog; path = Assets.xcassets; sourceTree = "<group>"; };
		2AEE198F26430DBB0068D969 /* Preview Assets.xcassets */ = {isa = PBXFileReference; lastKnownFileType = folder.assetcatalog; path = "Preview Assets.xcassets"; sourceTree = "<group>"; };
		2AEE199126430DBB0068D969 /* Info.plist */ = {isa = PBXFileReference; lastKnownFileType = text.plist.xml; path = Info.plist; sourceTree = "<group>"; };
		2AEE199626430DBB0068D969 /* Redux-BtcTests.xctest */ = {isa = PBXFileReference; explicitFileType = wrapper.cfbundle; includeInIndex = 0; path = "Redux-BtcTests.xctest"; sourceTree = BUILT_PRODUCTS_DIR; };
		2AEE199A26430DBB0068D969 /* Redux_BtcTests.swift */ = {isa = PBXFileReference; lastKnownFileType = sourcecode.swift; path = Redux_BtcTests.swift; sourceTree = "<group>"; };
		2AEE199C26430DBB0068D969 /* Info.plist */ = {isa = PBXFileReference; lastKnownFileType = text.plist.xml; path = Info.plist; sourceTree = "<group>"; };
		2AEE19A126430DBB0068D969 /* Redux-BtcUITests.xctest */ = {isa = PBXFileReference; explicitFileType = wrapper.cfbundle; includeInIndex = 0; path = "Redux-BtcUITests.xctest"; sourceTree = BUILT_PRODUCTS_DIR; };
		2AEE19A526430DBB0068D969 /* Redux_BtcUITests.swift */ = {isa = PBXFileReference; lastKnownFileType = sourcecode.swift; path = Redux_BtcUITests.swift; sourceTree = "<group>"; };
		2AEE19A726430DBB0068D969 /* Info.plist */ = {isa = PBXFileReference; lastKnownFileType = text.plist.xml; path = Info.plist; sourceTree = "<group>"; };
/* End PBXFileReference section */

/* Begin PBXFrameworksBuildPhase section */
		2AEE198226430DBA0068D969 /* Frameworks */ = {
			isa = PBXFrameworksBuildPhase;
			buildActionMask = 2147483647;
			files = (
			);
			runOnlyForDeploymentPostprocessing = 0;
		};
		2AEE199326430DBB0068D969 /* Frameworks */ = {
			isa = PBXFrameworksBuildPhase;
			buildActionMask = 2147483647;
			files = (
			);
			runOnlyForDeploymentPostprocessing = 0;
		};
		2AEE199E26430DBB0068D969 /* Frameworks */ = {
			isa = PBXFrameworksBuildPhase;
			buildActionMask = 2147483647;
			files = (
			);
			runOnlyForDeploymentPostprocessing = 0;
		};
/* End PBXFrameworksBuildPhase section */

/* Begin PBXGroup section */
		2AEE197C26430DBA0068D969 = {
			isa = PBXGroup;
			children = (
				2AEE198726430DBA0068D969 /* Redux-Btc */,
				2AEE199926430DBB0068D969 /* Redux-BtcTests */,
				2AEE19A426430DBB0068D969 /* Redux-BtcUITests */,
				2AEE198626430DBA0068D969 /* Products */,
			);
			sourceTree = "<group>";
		};
		2AEE198626430DBA0068D969 /* Products */ = {
			isa = PBXGroup;
			children = (
				2AEE198526430DBA0068D969 /* Redux-Btc.app */,
				2AEE199626430DBB0068D969 /* Redux-BtcTests.xctest */,
				2AEE19A126430DBB0068D969 /* Redux-BtcUITests.xctest */,
			);
			name = Products;
			sourceTree = "<group>";
		};
		2AEE198726430DBA0068D969 /* Redux-Btc */ = {
			isa = PBXGroup;
			children = (
				2AEE198826430DBA0068D969 /* Redux_BtcApp.swift */,
				2AEE198A26430DBA0068D969 /* ContentView.swift */,
				2AEE198C26430DBB0068D969 /* Assets.xcassets */,
				2AEE199126430DBB0068D969 /* Info.plist */,
				2AEE198E26430DBB0068D969 /* Preview Content */,
			);
			path = "Redux-Btc";
			sourceTree = "<group>";
		};
		2AEE198E26430DBB0068D969 /* Preview Content */ = {
			isa = PBXGroup;
			children = (
				2AEE198F26430DBB0068D969 /* Preview Assets.xcassets */,
			);
			path = "Preview Content";
			sourceTree = "<group>";
		};
		2AEE199926430DBB0068D969 /* Redux-BtcTests */ = {
			isa = PBXGroup;
			children = (
				2AEE199A26430DBB0068D969 /* Redux_BtcTests.swift */,
				2AEE199C26430DBB0068D969 /* Info.plist */,
			);
			path = "Redux-BtcTests";
			sourceTree = "<group>";
		};
		2AEE19A426430DBB0068D969 /* Redux-BtcUITests */ = {
			isa = PBXGroup;
			children = (
				2AEE19A526430DBB0068D969 /* Redux_BtcUITests.swift */,
				2AEE19A726430DBB0068D969 /* Info.plist */,
			);
			path = "Redux-BtcUITests";
			sourceTree = "<group>";
		};
/* End PBXGroup section */

/* Begin PBXNativeTarget section */
		2AEE198426430DBA0068D969 /* Redux-Btc */ = {
			isa = PBXNativeTarget;
			buildConfigurationList = 2AEE19AA26430DBB0068D969 /* Build configuration list for PBXNativeTarget "Redux-Btc" */;
			buildPhases = (
				2AEE198126430DBA0068D969 /* Sources */,
				2AEE198226430DBA0068D969 /* Frameworks */,
				2AEE198326430DBA0068D969 /* Resources */,
			);
			buildRules = (
			);
			dependencies = (
			);
			name = "Redux-Btc";
			productName = "Redux-Btc";
			productReference = 2AEE198526430DBA0068D969 /* Redux-Btc.app */;
			productType = "com.apple.product-type.application";
		};
		2AEE199526430DBB0068D969 /* Redux-BtcTests */ = {
			isa = PBXNativeTarget;
			buildConfigurationList = 2AEE19AD26430DBB0068D969 /* Build configuration list for PBXNativeTarget "Redux-BtcTests" */;
			buildPhases = (
				2AEE199226430DBB0068D969 /* Sources */,
				2AEE199326430DBB0068D969 /* Frameworks */,
				2AEE199426430DBB0068D969 /* Resources */,
			);
			buildRules = (
			);
			dependencies = (
				2AEE199826430DBB0068D969 /* PBXTargetDependency */,
			);
			name = "Redux-BtcTests";
			productName = "Redux-BtcTests";
			productReference = 2AEE199626430DBB0068D969 /* Redux-BtcTests.xctest */;
			productType = "com.apple.product-type.bundle.unit-test";
		};
		2AEE19A026430DBB0068D969 /* Redux-BtcUITests */ = {
			isa = PBXNativeTarget;
			buildConfigurationList = 2AEE19B026430DBB0068D969 /* Build configuration list for PBXNativeTarget "Redux-BtcUITests" */;
			buildPhases = (
				2AEE199D26430DBB0068D969 /* Sources */,
				2AEE199E26430DBB0068D969 /* Frameworks */,
				2AEE199F26430DBB0068D969 /* Resources */,
			);
			buildRules = (
			);
			dependencies = (
				2AEE19A326430DBB0068D969 /* PBXTargetDependency */,
			);
			name = "Redux-BtcUITests";
			productName = "Redux-BtcUITests";
			productReference = 2AEE19A126430DBB0068D969 /* Redux-BtcUITests.xctest */;
			productType = "com.apple.product-type.bundle.ui-testing";
		};
/* End PBXNativeTarget section */

/* Begin PBXProject section */
		2AEE197D26430DBA0068D969 /* Project object */ = {
			isa = PBXProject;
			attributes = {
				LastSwiftUpdateCheck = 1250;
				LastUpgradeCheck = 1250;
				TargetAttributes = {
					2AEE198426430DBA0068D969 = {
						CreatedOnToolsVersion = 12.5;
					};
					2AEE199526430DBB0068D969 = {
						CreatedOnToolsVersion = 12.5;
						TestTargetID = 2AEE198426430DBA0068D969;
					};
					2AEE19A026430DBB0068D969 = {
						CreatedOnToolsVersion = 12.5;
						TestTargetID = 2AEE198426430DBA0068D969;
					};
				};
			};
			buildConfigurationList = 2AEE198026430DBA0068D969 /* Build configuration list for PBXProject "Redux-Btc" */;
			compatibilityVersion = "Xcode 9.3";
			developmentRegion = en;
			hasScannedForEncodings = 0;
			knownRegions = (
				en,
				Base,
			);
			mainGroup = 2AEE197C26430DBA0068D969;
			productRefGroup = 2AEE198626430DBA0068D969 /* Products */;
			projectDirPath = "";
			projectRoot = "";
			targets = (
				2AEE198426430DBA0068D969 /* Redux-Btc */,
				2AEE199526430DBB0068D969 /* Redux-BtcTests */,
				2AEE19A026430DBB0068D969 /* Redux-BtcUITests */,
			);
		};
/* End PBXProject section */

/* Begin PBXResourcesBuildPhase section */
		2AEE198326430DBA0068D969 /* Resources */ = {
			isa = PBXResourcesBuildPhase;
			buildActionMask = 2147483647;
			files = (
				2AEE199026430DBB0068D969 /* Preview Assets.xcassets in Resources */,
				2AEE198D26430DBB0068D969 /* Assets.xcassets in Resources */,
			);
			runOnlyForDeploymentPostprocessing = 0;
		};
		2AEE199426430DBB0068D969 /* Resources */ = {
			isa = PBXResourcesBuildPhase;
			buildActionMask = 2147483647;
			files = (
			);
			runOnlyForDeploymentPostprocessing = 0;
		};
		2AEE199F26430DBB0068D969 /* Resources */ = {
			isa = PBXResourcesBuildPhase;
			buildActionMask = 2147483647;
			files = (
			);
			runOnlyForDeploymentPostprocessing = 0;
		};
/* End PBXResourcesBuildPhase section */

/* Begin PBXSourcesBuildPhase section */
		2AEE198126430DBA0068D969 /* Sources */ = {
			isa = PBXSourcesBuildPhase;
			buildActionMask = 2147483647;
			files = (
				2AEE198B26430DBA0068D969 /* ContentView.swift in Sources */,
				2AEE198926430DBA0068D969 /* Redux_BtcApp.swift in Sources */,
			);
			runOnlyForDeploymentPostprocessing = 0;
		};
		2AEE199226430DBB0068D969 /* Sources */ = {
			isa = PBXSourcesBuildPhase;
			buildActionMask = 2147483647;
			files = (
				2AEE199B26430DBB0068D969 /* Redux_BtcTests.swift in Sources */,
			);
			runOnlyForDeploymentPostprocessing = 0;
		};
		2AEE199D26430DBB0068D969 /* Sources */ = {
			isa = PBXSourcesBuildPhase;
			buildActionMask = 2147483647;
			files = (
				2AEE19A626430DBB0068D969 /* Redux_BtcUITests.swift in Sources */,
			);
			runOnlyForDeploymentPostprocessing = 0;
		};
/* End PBXSourcesBuildPhase section */

/* Begin PBXTargetDependency section */
		2AEE199826430DBB0068D969 /* PBXTargetDependency */ = {
			isa = PBXTargetDependency;
			target = 2AEE198426430DBA0068D969 /* Redux-Btc */;
			targetProxy = 2AEE199726430DBB0068D969 /* PBXContainerItemProxy */;
		};
		2AEE19A326430DBB0068D969 /* PBXTargetDependency */ = {
			isa = PBXTargetDependency;
			target = 2AEE198426430DBA0068D969 /* Redux-Btc */;
			targetProxy = 2AEE19A226430DBB0068D969 /* PBXContainerItemProxy */;
		};
/* End PBXTargetDependency section */

/* Begin XCBuildConfiguration section */
		2AEE19A826430DBB0068D969 /* Debug */ = {
			isa = XCBuildConfiguration;
			buildSettings = {
				ALWAYS_SEARCH_USER_PATHS = NO;
				CLANG_ANALYZER_NONNULL = YES;
				CLANG_ANALYZER_NUMBER_OBJECT_CONVERSION = YES_AGGRESSIVE;
				CLANG_CXX_LANGUAGE_STANDARD = "gnu++14";
				CLANG_CXX_LIBRARY = "libc++";
				CLANG_ENABLE_MODULES = YES;
				CLANG_ENABLE_OBJC_ARC = YES;
				CLANG_ENABLE_OBJC_WEAK = YES;
				CLANG_WARN_BLOCK_CAPTURE_AUTORELEASING = YES;
				CLANG_WARN_BOOL_CONVERSION = YES;
				CLANG_WARN_COMMA = YES;
				CLANG_WARN_CONSTANT_CONVERSION = YES;
				CLANG_WARN_DEPRECATED_OBJC_IMPLEMENTATIONS = YES;
				CLANG_WARN_DIRECT_OBJC_ISA_USAGE = YES_ERROR;
				CLANG_WARN_DOCUMENTATION_COMMENTS = YES;
				CLANG_WARN_EMPTY_BODY = YES;
				CLANG_WARN_ENUM_CONVERSION = YES;
				CLANG_WARN_INFINITE_RECURSION = YES;
				CLANG_WARN_INT_CONVERSION = YES;
				CLANG_WARN_NON_LITERAL_NULL_CONVERSION = YES;
				CLANG_WARN_OBJC_IMPLICIT_RETAIN_SELF = YES;
				CLANG_WARN_OBJC_LITERAL_CONVERSION = YES;
				CLANG_WARN_OBJC_ROOT_CLASS = YES_ERROR;
				CLANG_WARN_QUOTED_INCLUDE_IN_FRAMEWORK_HEADER = YES;
				CLANG_WARN_RANGE_LOOP_ANALYSIS = YES;
				CLANG_WARN_STRICT_PROTOTYPES = YES;
				CLANG_WARN_SUSPICIOUS_MOVE = YES;
				CLANG_WARN_UNGUARDED_AVAILABILITY = YES_AGGRESSIVE;
				CLANG_WARN_UNREACHABLE_CODE = YES;
				CLANG_WARN__DUPLICATE_METHOD_MATCH = YES;
				COPY_PHASE_STRIP = NO;
				DEBUG_INFORMATION_FORMAT = dwarf;
				ENABLE_STRICT_OBJC_MSGSEND = YES;
				ENABLE_TESTABILITY = YES;
				GCC_C_LANGUAGE_STANDARD = gnu11;
				GCC_DYNAMIC_NO_PIC = NO;
				GCC_NO_COMMON_BLOCKS = YES;
				GCC_OPTIMIZATION_LEVEL = 0;
				GCC_PREPROCESSOR_DEFINITIONS = (
					"DEBUG=1",
					"$(inherited)",
				);
				GCC_WARN_64_TO_32_BIT_CONVERSION = YES;
				GCC_WARN_ABOUT_RETURN_TYPE = YES_ERROR;
				GCC_WARN_UNDECLARED_SELECTOR = YES;
				GCC_WARN_UNINITIALIZED_AUTOS = YES_AGGRESSIVE;
				GCC_WARN_UNUSED_FUNCTION = YES;
				GCC_WARN_UNUSED_VARIABLE = YES;
				IPHONEOS_DEPLOYMENT_TARGET = 14.5;
				MTL_ENABLE_DEBUG_INFO = INCLUDE_SOURCE;
				MTL_FAST_MATH = YES;
				ONLY_ACTIVE_ARCH = YES;
				SDKROOT = iphoneos;
				SWIFT_ACTIVE_COMPILATION_CONDITIONS = DEBUG;
				SWIFT_OPTIMIZATION_LEVEL = "-Onone";
			};
			name = Debug;
		};
		2AEE19A926430DBB0068D969 /* Release */ = {
			isa = XCBuildConfiguration;
			buildSettings = {
				ALWAYS_SEARCH_USER_PATHS = NO;
				CLANG_ANALYZER_NONNULL = YES;
				CLANG_ANALYZER_NUMBER_OBJECT_CONVERSION = YES_AGGRESSIVE;
				CLANG_CXX_LANGUAGE_STANDARD = "gnu++14";
				CLANG_CXX_LIBRARY = "libc++";
				CLANG_ENABLE_MODULES = YES;
				CLANG_ENABLE_OBJC_ARC = YES;
				CLANG_ENABLE_OBJC_WEAK = YES;
				CLANG_WARN_BLOCK_CAPTURE_AUTORELEASING = YES;
				CLANG_WARN_BOOL_CONVERSION = YES;
				CLANG_WARN_COMMA = YES;
				CLANG_WARN_CONSTANT_CONVERSION = YES;
				CLANG_WARN_DEPRECATED_OBJC_IMPLEMENTATIONS = YES;
				CLANG_WARN_DIRECT_OBJC_ISA_USAGE = YES_ERROR;
				CLANG_WARN_DOCUMENTATION_COMMENTS = YES;
				CLANG_WARN_EMPTY_BODY = YES;
				CLANG_WARN_ENUM_CONVERSION = YES;
				CLANG_WARN_INFINITE_RECURSION = YES;
				CLANG_WARN_INT_CONVERSION = YES;
				CLANG_WARN_NON_LITERAL_NULL_CONVERSION = YES;
				CLANG_WARN_OBJC_IMPLICIT_RETAIN_SELF = YES;
				CLANG_WARN_OBJC_LITERAL_CONVERSION = YES;
				CLANG_WARN_OBJC_ROOT_CLASS = YES_ERROR;
				CLANG_WARN_QUOTED_INCLUDE_IN_FRAMEWORK_HEADER = YES;
				CLANG_WARN_RANGE_LOOP_ANALYSIS = YES;
				CLANG_WARN_STRICT_PROTOTYPES = YES;
				CLANG_WARN_SUSPICIOUS_MOVE = YES;
				CLANG_WARN_UNGUARDED_AVAILABILITY = YES_AGGRESSIVE;
				CLANG_WARN_UNREACHABLE_CODE = YES;
				CLANG_WARN__DUPLICATE_METHOD_MATCH = YES;
				COPY_PHASE_STRIP = NO;
				DEBUG_INFORMATION_FORMAT = "dwarf-with-dsym";
				ENABLE_NS_ASSERTIONS = NO;
				ENABLE_STRICT_OBJC_MSGSEND = YES;
				GCC_C_LANGUAGE_STANDARD = gnu11;
				GCC_NO_COMMON_BLOCKS = YES;
				GCC_WARN_64_TO_32_BIT_CONVERSION = YES;
				GCC_WARN_ABOUT_RETURN_TYPE = YES_ERROR;
				GCC_WARN_UNDECLARED_SELECTOR = YES;
				GCC_WARN_UNINITIALIZED_AUTOS = YES_AGGRESSIVE;
				GCC_WARN_UNUSED_FUNCTION = YES;
				GCC_WARN_UNUSED_VARIABLE = YES;
				IPHONEOS_DEPLOYMENT_TARGET = 14.5;
				MTL_ENABLE_DEBUG_INFO = NO;
				MTL_FAST_MATH = YES;
				SDKROOT = iphoneos;
				SWIFT_COMPILATION_MODE = wholemodule;
				SWIFT_OPTIMIZATION_LEVEL = "-O";
				VALIDATE_PRODUCT = YES;
			};
			name = Release;
		};
		2AEE19AB26430DBB0068D969 /* Debug */ = {
			isa = XCBuildConfiguration;
			buildSettings = {
				ASSETCATALOG_COMPILER_APPICON_NAME = AppIcon;
				ASSETCATALOG_COMPILER_GLOBAL_ACCENT_COLOR_NAME = AccentColor;
				CODE_SIGN_STYLE = Automatic;
				DEVELOPMENT_ASSET_PATHS = "\"Redux-Btc/Preview Content\"";
				DEVELOPMENT_TEAM = W8HX5M6262;
				ENABLE_PREVIEWS = YES;
				INFOPLIST_FILE = "Redux-Btc/Info.plist";
				IPHONEOS_DEPLOYMENT_TARGET = 14.0;
				LD_RUNPATH_SEARCH_PATHS = (
					"$(inherited)",
					"@executable_path/Frameworks",
				);
				PRODUCT_BUNDLE_IDENTIFIER = "jcombariza.Redux-Btc";
				PRODUCT_NAME = "$(TARGET_NAME)";
				SWIFT_VERSION = 5.0;
				TARGETED_DEVICE_FAMILY = "1,2";
			};
			name = Debug;
		};
		2AEE19AC26430DBB0068D969 /* Release */ = {
			isa = XCBuildConfiguration;
			buildSettings = {
				ASSETCATALOG_COMPILER_APPICON_NAME = AppIcon;
				ASSETCATALOG_COMPILER_GLOBAL_ACCENT_COLOR_NAME = AccentColor;
				CODE_SIGN_STYLE = Automatic;
				DEVELOPMENT_ASSET_PATHS = "\"Redux-Btc/Preview Content\"";
				DEVELOPMENT_TEAM = W8HX5M6262;
				ENABLE_PREVIEWS = YES;
				INFOPLIST_FILE = "Redux-Btc/Info.plist";
				IPHONEOS_DEPLOYMENT_TARGET = 14.0;
				LD_RUNPATH_SEARCH_PATHS = (
					"$(inherited)",
					"@executable_path/Frameworks",
				);
				PRODUCT_BUNDLE_IDENTIFIER = "jcombariza.Redux-Btc";
				PRODUCT_NAME = "$(TARGET_NAME)";
				SWIFT_VERSION = 5.0;
				TARGETED_DEVICE_FAMILY = "1,2";
			};
			name = Release;
		};
		2AEE19AE26430DBB0068D969 /* Debug */ = {
			isa = XCBuildConfiguration;
			buildSettings = {
				ALWAYS_EMBED_SWIFT_STANDARD_LIBRARIES = YES;
				BUNDLE_LOADER = "$(TEST_HOST)";
				CODE_SIGN_STYLE = Automatic;
				DEVELOPMENT_TEAM = W8HX5M6262;
				INFOPLIST_FILE = "Redux-BtcTests/Info.plist";
				IPHONEOS_DEPLOYMENT_TARGET = 14.0;
				LD_RUNPATH_SEARCH_PATHS = (
					"$(inherited)",
					"@executable_path/Frameworks",
					"@loader_path/Frameworks",
				);
				PRODUCT_BUNDLE_IDENTIFIER = "jcombariza.Redux-BtcTests";
				PRODUCT_NAME = "$(TARGET_NAME)";
				SWIFT_VERSION = 5.0;
				TARGETED_DEVICE_FAMILY = "1,2";
				TEST_HOST = "$(BUILT_PRODUCTS_DIR)/Redux-Btc.app/Redux-Btc";
			};
			name = Debug;
		};
		2AEE19AF26430DBB0068D969 /* Release */ = {
			isa = XCBuildConfiguration;
			buildSettings = {
				ALWAYS_EMBED_SWIFT_STANDARD_LIBRARIES = YES;
				BUNDLE_LOADER = "$(TEST_HOST)";
				CODE_SIGN_STYLE = Automatic;
				DEVELOPMENT_TEAM = W8HX5M6262;
				INFOPLIST_FILE = "Redux-BtcTests/Info.plist";
				IPHONEOS_DEPLOYMENT_TARGET = 14.0;
				LD_RUNPATH_SEARCH_PATHS = (
					"$(inherited)",
					"@executable_path/Frameworks",
					"@loader_path/Frameworks",
				);
				PRODUCT_BUNDLE_IDENTIFIER = "jcombariza.Redux-BtcTests";
				PRODUCT_NAME = "$(TARGET_NAME)";
				SWIFT_VERSION = 5.0;
				TARGETED_DEVICE_FAMILY = "1,2";
				TEST_HOST = "$(BUILT_PRODUCTS_DIR)/Redux-Btc.app/Redux-Btc";
			};
			name = Release;
		};
		2AEE19B126430DBB0068D969 /* Debug */ = {
			isa = XCBuildConfiguration;
			buildSettings = {
				ALWAYS_EMBED_SWIFT_STANDARD_LIBRARIES = YES;
				CODE_SIGN_STYLE = Automatic;
				DEVELOPMENT_TEAM = W8HX5M6262;
				INFOPLIST_FILE = "Redux-BtcUITests/Info.plist";
				LD_RUNPATH_SEARCH_PATHS = (
					"$(inherited)",
					"@executable_path/Frameworks",
					"@loader_path/Frameworks",
				);
				PRODUCT_BUNDLE_IDENTIFIER = "jcombariza.Redux-BtcUITests";
				PRODUCT_NAME = "$(TARGET_NAME)";
				SWIFT_VERSION = 5.0;
				TARGETED_DEVICE_FAMILY = "1,2";
				TEST_TARGET_NAME = "Redux-Btc";
			};
			name = Debug;
		};
		2AEE19B226430DBB0068D969 /* Release */ = {
			isa = XCBuildConfiguration;
			buildSettings = {
				ALWAYS_EMBED_SWIFT_STANDARD_LIBRARIES = YES;
				CODE_SIGN_STYLE = Automatic;
				DEVELOPMENT_TEAM = W8HX5M6262;
				INFOPLIST_FILE = "Redux-BtcUITests/Info.plist";
				LD_RUNPATH_SEARCH_PATHS = (
					"$(inherited)",
					"@executable_path/Frameworks",
					"@loader_path/Frameworks",
				);
				PRODUCT_BUNDLE_IDENTIFIER = "jcombariza.Redux-BtcUITests";
				PRODUCT_NAME = "$(TARGET_NAME)";
				SWIFT_VERSION = 5.0;
				TARGETED_DEVICE_FAMILY = "1,2";
				TEST_TARGET_NAME = "Redux-Btc";
			};
			name = Release;
		};
/* End XCBuildConfiguration section */

/* Begin XCConfigurationList section */
		2AEE198026430DBA0068D969 /* Build configuration list for PBXProject "Redux-Btc" */ = {
			isa = XCConfigurationList;
			buildConfigurations = (
				2AEE19A826430DBB0068D969 /* Debug */,
				2AEE19A926430DBB0068D969 /* Release */,
			);
			defaultConfigurationIsVisible = 0;
			defaultConfigurationName = Release;
		};
		2AEE19AA26430DBB0068D969 /* Build configuration list for PBXNativeTarget "Redux-Btc" */ = {
			isa = XCConfigurationList;
			buildConfigurations = (
				2AEE19AB26430DBB0068D969 /* Debug */,
				2AEE19AC26430DBB0068D969 /* Release */,
			);
			defaultConfigurationIsVisible = 0;
			defaultConfigurationName = Release;
		};
		2AEE19AD26430DBB0068D969 /* Build configuration list for PBXNativeTarget "Redux-BtcTests" */ = {
			isa = XCConfigurationList;
			buildConfigurations = (
				2AEE19AE26430DBB0068D969 /* Debug */,
				2AEE19AF26430DBB0068D969 /* Release */,
			);
			defaultConfigurationIsVisible = 0;
			defaultConfigurationName = Release;
		};
		2AEE19B026430DBB0068D969 /* Build configuration list for PBXNativeTarget "Redux-BtcUITests" */ = {
			isa = XCConfigurationList;
			buildConfigurations = (
				2AEE19B126430DBB0068D969 /* Debug */,
				2AEE19B226430DBB0068D969 /* Release */,
			);
			defaultConfigurationIsVisible = 0;
			defaultConfigurationName = Release;
		};
/* End XCConfigurationList section */
	};
	rootObject = 2AEE197D26430DBA0068D969 /* Project object */;
}
